// !$*UTF8*$!
{
	archiveVersion = 1;
	classes = {
	};
	objectVersion = 50;
	objects = {

/* Begin PBXBuildFile section */
		A465F76A24C6C4E300020970 /* AppDelegate.swift in Sources */ = {isa = PBXBuildFile; fileRef = A465F76924C6C4E300020970 /* AppDelegate.swift */; };
		A465F76C24C6C4E300020970 /* SceneDelegate.swift in Sources */ = {isa = PBXBuildFile; fileRef = A465F76B24C6C4E300020970 /* SceneDelegate.swift */; };
		A465F76E24C6C4E300020970 /* ViewController.swift in Sources */ = {isa = PBXBuildFile; fileRef = A465F76D24C6C4E300020970 /* ViewController.swift */; };
		A465F77124C6C4E300020970 /* Main.storyboard in Resources */ = {isa = PBXBuildFile; fileRef = A465F76F24C6C4E300020970 /* Main.storyboard */; };
		A465F77324C6C4E400020970 /* Assets.xcassets in Resources */ = {isa = PBXBuildFile; fileRef = A465F77224C6C4E400020970 /* Assets.xcassets */; };
		A465F77624C6C4E400020970 /* LaunchScreen.storyboard in Resources */ = {isa = PBXBuildFile; fileRef = A465F77424C6C4E400020970 /* LaunchScreen.storyboard */; };
		A465F78324C6C53D00020970 /* Person.swift in Sources */ = {isa = PBXBuildFile; fileRef = A465F78224C6C53D00020970 /* Person.swift */; };
/* End PBXBuildFile section */

/* Begin PBXFileReference section */
		A465F76624C6C4E300020970 /* MVCMerge.app */ = {isa = PBXFileReference; explicitFileType = wrapper.application; includeInIndex = 0; path = MVCMerge.app; sourceTree = BUILT_PRODUCTS_DIR; };
		A465F76924C6C4E300020970 /* AppDelegate.swift */ = {isa = PBXFileReference; lastKnownFileType = sourcecode.swift; path = AppDelegate.swift; sourceTree = "<group>"; };
		A465F76B24C6C4E300020970 /* SceneDelegate.swift */ = {isa = PBXFileReference; lastKnownFileType = sourcecode.swift; path = SceneDelegate.swift; sourceTree = "<group>"; };
		A465F76D24C6C4E300020970 /* ViewController.swift */ = {isa = PBXFileReference; lastKnownFileType = sourcecode.swift; path = ViewController.swift; sourceTree = "<group>"; };
		A465F77024C6C4E300020970 /* Base */ = {isa = PBXFileReference; lastKnownFileType = file.storyboard; name = Base; path = Base.lproj/Main.storyboard; sourceTree = "<group>"; };
		A465F77224C6C4E400020970 /* Assets.xcassets */ = {isa = PBXFileReference; lastKnownFileType = folder.assetcatalog; path = Assets.xcassets; sourceTree = "<group>"; };
		A465F77524C6C4E400020970 /* Base */ = {isa = PBXFileReference; lastKnownFileType = file.storyboard; name = Base; path = Base.lproj/LaunchScreen.storyboard; sourceTree = "<group>"; };
		A465F77724C6C4E400020970 /* Info.plist */ = {isa = PBXFileReference; lastKnownFileType = text.plist.xml; path = Info.plist; sourceTree = "<group>"; };
		A465F78224C6C53D00020970 /* Person.swift */ = {isa = PBXFileReference; lastKnownFileType = sourcecode.swift; path = Person.swift; sourceTree = "<group>"; };
/* End PBXFileReference section */

/* Begin PBXFrameworksBuildPhase section */
		A465F76324C6C4E300020970 /* Frameworks */ = {
			isa = PBXFrameworksBuildPhase;
			buildActionMask = 2147483647;
			files = (
			);
			runOnlyForDeploymentPostprocessing = 0;
		};
/* End PBXFrameworksBuildPhase section */

/* Begin PBXGroup section */
		A465F75D24C6C4E300020970 = {
			isa = PBXGroup;
			children = (
				A465F76824C6C4E300020970 /* MVCMerge */,
				A465F76724C6C4E300020970 /* Products */,
			);
			sourceTree = "<group>";
		};
		A465F76724C6C4E300020970 /* Products */ = {
			isa = PBXGroup;
			children = (
				A465F76624C6C4E300020970 /* MVCMerge.app */,
			);
			name = Products;
			sourceTree = "<group>";
		};
		A465F76824C6C4E300020970 /* MVCMerge */ = {
			isa = PBXGroup;
			children = (
				A465F78124C6C52C00020970 /* View */,
				A465F77F24C6C51C00020970 /* Model */,
				A465F76924C6C4E300020970 /* AppDelegate.swift */,
				A465F76B24C6C4E300020970 /* SceneDelegate.swift */,
				A465F77E24C6C50D00020970 /* Controller */,
				A465F77D24C6C4F600020970 /* Storyboard */,
				A465F77224C6C4E400020970 /* Assets.xcassets */,
				A465F77424C6C4E400020970 /* LaunchScreen.storyboard */,
				A465F77724C6C4E400020970 /* Info.plist */,
			);
			path = MVCMerge;
			sourceTree = "<group>";
		};
		A465F77D24C6C4F600020970 /* Storyboard */ = {
			isa = PBXGroup;
			children = (
				A465F76F24C6C4E300020970 /* Main.storyboard */,
			);
			path = Storyboard;
			sourceTree = "<group>";
		};
		A465F77E24C6C50D00020970 /* Controller */ = {
			isa = PBXGroup;
			children = (
				A465F76D24C6C4E300020970 /* ViewController.swift */,
			);
			path = Controller;
			sourceTree = "<group>";
		};
		A465F77F24C6C51C00020970 /* Model */ = {
			isa = PBXGroup;
			children = (
				A465F78224C6C53D00020970 /* Person.swift */,
			);
			path = Model;
			sourceTree = "<group>";
		};
		A465F78124C6C52C00020970 /* View */ = {
			isa = PBXGroup;
			children = (
			);
			path = View;
			sourceTree = "<group>";
		};
/* End PBXGroup section */

/* Begin PBXNativeTarget section */
		A465F76524C6C4E300020970 /* MVCMerge */ = {
			isa = PBXNativeTarget;
			buildConfigurationList = A465F77A24C6C4E400020970 /* Build configuration list for PBXNativeTarget "MVCMerge" */;
			buildPhases = (
				A465F76224C6C4E300020970 /* Sources */,
				A465F76324C6C4E300020970 /* Frameworks */,
				A465F76424C6C4E300020970 /* Resources */,
			);
			buildRules = (
			);
			dependencies = (
			);
			name = MVCMerge;
			productName = MVCMerge;
			productReference = A465F76624C6C4E300020970 /* MVCMerge.app */;
			productType = "com.apple.product-type.application";
		};
/* End PBXNativeTarget section */

/* Begin PBXProject section */
		A465F75E24C6C4E300020970 /* Project object */ = {
			isa = PBXProject;
			attributes = {
				LastSwiftUpdateCheck = 1160;
				LastUpgradeCheck = 1160;
				ORGANIZATIONNAME = "Yuta Fujii";
				TargetAttributes = {
					A465F76524C6C4E300020970 = {
						CreatedOnToolsVersion = 11.6;
					};
				};
			};
			buildConfigurationList = A465F76124C6C4E300020970 /* Build configuration list for PBXProject "MVCMerge" */;
			compatibilityVersion = "Xcode 9.3";
			developmentRegion = en;
			hasScannedForEncodings = 0;
			knownRegions = (
				en,
				Base,
			);
			mainGroup = A465F75D24C6C4E300020970;
			productRefGroup = A465F76724C6C4E300020970 /* Products */;
			projectDirPath = "";
			projectRoot = "";
			targets = (
				A465F76524C6C4E300020970 /* MVCMerge */,
			);
		};
/* End PBXProject section */

/* Begin PBXResourcesBuildPhase section */
		A465F76424C6C4E300020970 /* Resources */ = {
			isa = PBXResourcesBuildPhase;
			buildActionMask = 2147483647;
			files = (
				A465F77624C6C4E400020970 /* LaunchScreen.storyboard in Resources */,
				A465F77324C6C4E400020970 /* Assets.xcassets in Resources */,
				A465F77124C6C4E300020970 /* Main.storyboard in Resources */,
			);
			runOnlyForDeploymentPostprocessing = 0;
		};
/* End PBXResourcesBuildPhase section */

/* Begin PBXSourcesBuildPhase section */
		A465F76224C6C4E300020970 /* Sources */ = {
			isa = PBXSourcesBuildPhase;
			buildActionMask = 2147483647;
			files = (
				A465F76E24C6C4E300020970 /* ViewController.swift in Sources */,
				A465F76A24C6C4E300020970 /* AppDelegate.swift in Sources */,
				A465F76C24C6C4E300020970 /* SceneDelegate.swift in Sources */,
				A465F78324C6C53D00020970 /* Person.swift in Sources */,
			);
			runOnlyForDeploymentPostprocessing = 0;
		};
/* End PBXSourcesBuildPhase section */

/* Begin PBXVariantGroup section */
		A465F76F24C6C4E300020970 /* Main.storyboard */ = {
			isa = PBXVariantGroup;
			children = (
				A465F77024C6C4E300020970 /* Base */,
			);
			name = Main.storyboard;
			sourceTree = "<group>";
		};
		A465F77424C6C4E400020970 /* LaunchScreen.storyboard */ = {
			isa = PBXVariantGroup;
			children = (
				A465F77524C6C4E400020970 /* Base */,
			);
			name = LaunchScreen.storyboard;
			sourceTree = "<group>";
		};
/* End PBXVariantGroup section */

/* Begin XCBuildConfiguration section */
		A465F77824C6C4E400020970 /* Debug */ = {
			isa = XCBuildConfiguration;
			buildSettings = {
				ALWAYS_SEARCH_USER_PATHS = NO;
				CLANG_ANALYZER_NONNULL = YES;
				CLANG_ANALYZER_NUMBER_OBJECT_CONVERSION = YES_AGGRESSIVE;
				CLANG_CXX_LANGUAGE_STANDARD = "gnu++14";
				CLANG_CXX_LIBRARY = "libc++";
				CLANG_ENABLE_MODULES = YES;
				CLANG_ENABLE_OBJC_ARC = YES;
				CLANG_ENABLE_OBJC_WEAK = YES;
				CLANG_WARN_BLOCK_CAPTURE_AUTORELEASING = YES;
				CLANG_WARN_BOOL_CONVERSION = YES;
				CLANG_WARN_COMMA = YES;
				CLANG_WARN_CONSTANT_CONVERSION = YES;
				CLANG_WARN_DEPRECATED_OBJC_IMPLEMENTATIONS = YES;
				CLANG_WARN_DIRECT_OBJC_ISA_USAGE = YES_ERROR;
				CLANG_WARN_DOCUMENTATION_COMMENTS = YES;
				CLANG_WARN_EMPTY_BODY = YES;
				CLANG_WARN_ENUM_CONVERSION = YES;
				CLANG_WARN_INFINITE_RECURSION = YES;
				CLANG_WARN_INT_CONVERSION = YES;
				CLANG_WARN_NON_LITERAL_NULL_CONVERSION = YES;
				CLANG_WARN_OBJC_IMPLICIT_RETAIN_SELF = YES;
				CLANG_WARN_OBJC_LITERAL_CONVERSION = YES;
				CLANG_WARN_OBJC_ROOT_CLASS = YES_ERROR;
				CLANG_WARN_RANGE_LOOP_ANALYSIS = YES;
				CLANG_WARN_STRICT_PROTOTYPES = YES;
				CLANG_WARN_SUSPICIOUS_MOVE = YES;
				CLANG_WARN_UNGUARDED_AVAILABILITY = YES_AGGRESSIVE;
				CLANG_WARN_UNREACHABLE_CODE = YES;
				CLANG_WARN__DUPLICATE_METHOD_MATCH = YES;
				COPY_PHASE_STRIP = NO;
				DEBUG_INFORMATION_FORMAT = dwarf;
				ENABLE_STRICT_OBJC_MSGSEND = YES;
				ENABLE_TESTABILITY = YES;
				GCC_C_LANGUAGE_STANDARD = gnu11;
				GCC_DYNAMIC_NO_PIC = NO;
				GCC_NO_COMMON_BLOCKS = YES;
				GCC_OPTIMIZATION_LEVEL = 0;
				GCC_PREPROCESSOR_DEFINITIONS = (
					"DEBUG=1",
					"$(inherited)",
				);
				GCC_WARN_64_TO_32_BIT_CONVERSION = YES;
				GCC_WARN_ABOUT_RETURN_TYPE = YES_ERROR;
				GCC_WARN_UNDECLARED_SELECTOR = YES;
				GCC_WARN_UNINITIALIZED_AUTOS = YES_AGGRESSIVE;
				GCC_WARN_UNUSED_FUNCTION = YES;
				GCC_WARN_UNUSED_VARIABLE = YES;
				IPHONEOS_DEPLOYMENT_TARGET = 13.6;
				MTL_ENABLE_DEBUG_INFO = INCLUDE_SOURCE;
				MTL_FAST_MATH = YES;
				ONLY_ACTIVE_ARCH = YES;
				SDKROOT = iphoneos;
				SWIFT_ACTIVE_COMPILATION_CONDITIONS = DEBUG;
				SWIFT_OPTIMIZATION_LEVEL = "-Onone";
			};
			name = Debug;
		};
		A465F77924C6C4E400020970 /* Release */ = {
			isa = XCBuildConfiguration;
			buildSettings = {
				ALWAYS_SEARCH_USER_PATHS = NO;
				CLANG_ANALYZER_NONNULL = YES;
				CLANG_ANALYZER_NUMBER_OBJECT_CONVERSION = YES_AGGRESSIVE;
				CLANG_CXX_LANGUAGE_STANDARD = "gnu++14";
				CLANG_CXX_LIBRARY = "libc++";
				CLANG_ENABLE_MODULES = YES;
				CLANG_ENABLE_OBJC_ARC = YES;
				CLANG_ENABLE_OBJC_WEAK = YES;
				CLANG_WARN_BLOCK_CAPTURE_AUTORELEASING = YES;
				CLANG_WARN_BOOL_CONVERSION = YES;
				CLANG_WARN_COMMA = YES;
				CLANG_WARN_CONSTANT_CONVERSION = YES;
				CLANG_WARN_DEPRECATED_OBJC_IMPLEMENTATIONS = YES;
				CLANG_WARN_DIRECT_OBJC_ISA_USAGE = YES_ERROR;
				CLANG_WARN_DOCUMENTATION_COMMENTS = YES;
				CLANG_WARN_EMPTY_BODY = YES;
				CLANG_WARN_ENUM_CONVERSION = YES;
				CLANG_WARN_INFINITE_RECURSION = YES;
				CLANG_WARN_INT_CONVERSION = YES;
				CLANG_WARN_NON_LITERAL_NULL_CONVERSION = YES;
				CLANG_WARN_OBJC_IMPLICIT_RETAIN_SELF = YES;
				CLANG_WARN_OBJC_LITERAL_CONVERSION = YES;
				CLANG_WARN_OBJC_ROOT_CLASS = YES_ERROR;
				CLANG_WARN_RANGE_LOOP_ANALYSIS = YES;
				CLANG_WARN_STRICT_PROTOTYPES = YES;
				CLANG_WARN_SUSPICIOUS_MOVE = YES;
				CLANG_WARN_UNGUARDED_AVAILABILITY = YES_AGGRESSIVE;
				CLANG_WARN_UNREACHABLE_CODE = YES;
				CLANG_WARN__DUPLICATE_METHOD_MATCH = YES;
				COPY_PHASE_STRIP = NO;
				DEBUG_INFORMATION_FORMAT = "dwarf-with-dsym";
				ENABLE_NS_ASSERTIONS = NO;
				ENABLE_STRICT_OBJC_MSGSEND = YES;
				GCC_C_LANGUAGE_STANDARD = gnu11;
				GCC_NO_COMMON_BLOCKS = YES;
				GCC_WARN_64_TO_32_BIT_CONVERSION = YES;
				GCC_WARN_ABOUT_RETURN_TYPE = YES_ERROR;
				GCC_WARN_UNDECLARED_SELECTOR = YES;
				GCC_WARN_UNINITIALIZED_AUTOS = YES_AGGRESSIVE;
				GCC_WARN_UNUSED_FUNCTION = YES;
				GCC_WARN_UNUSED_VARIABLE = YES;
				IPHONEOS_DEPLOYMENT_TARGET = 13.6;
				MTL_ENABLE_DEBUG_INFO = NO;
				MTL_FAST_MATH = YES;
				SDKROOT = iphoneos;
				SWIFT_COMPILATION_MODE = wholemodule;
				SWIFT_OPTIMIZATION_LEVEL = "-O";
				VALIDATE_PRODUCT = YES;
			};
			name = Release;
		};
		A465F77B24C6C4E400020970 /* Debug */ = {
			isa = XCBuildConfiguration;
			buildSettings = {
				ASSETCATALOG_COMPILER_APPICON_NAME = AppIcon;
				CODE_SIGN_STYLE = Automatic;
				DEVELOPMENT_TEAM = GM6JZ3P6VD;
				INFOPLIST_FILE = MVCMerge/Info.plist;
				LD_RUNPATH_SEARCH_PATHS = (
					"$(inherited)",
					"@executable_path/Frameworks",
				);
				PRODUCT_BUNDLE_IDENTIFIER = com.yutaudemy.MVCMerge;
				PRODUCT_NAME = "$(TARGET_NAME)";
				SWIFT_VERSION = 5.0;
				TARGETED_DEVICE_FAMILY = "1,2";
			};
			name = Debug;
		};
		A465F77C24C6C4E400020970 /* Release */ = {
			isa = XCBuildConfiguration;
			buildSettings = {
				ASSETCATALOG_COMPILER_APPICON_NAME = AppIcon;
				CODE_SIGN_STYLE = Automatic;
				DEVELOPMENT_TEAM = GM6JZ3P6VD;
				INFOPLIST_FILE = MVCMerge/Info.plist;
				LD_RUNPATH_SEARCH_PATHS = (
					"$(inherited)",
					"@executable_path/Frameworks",
				);
				PRODUCT_BUNDLE_IDENTIFIER = com.yutaudemy.MVCMerge;
				PRODUCT_NAME = "$(TARGET_NAME)";
				SWIFT_VERSION = 5.0;
				TARGETED_DEVICE_FAMILY = "1,2";
			};
			name = Release;
		};
/* End XCBuildConfiguration section */

/* Begin XCConfigurationList section */
		A465F76124C6C4E300020970 /* Build configuration list for PBXProject "MVCMerge" */ = {
			isa = XCConfigurationList;
			buildConfigurations = (
				A465F77824C6C4E400020970 /* Debug */,
				A465F77924C6C4E400020970 /* Release */,
			);
			defaultConfigurationIsVisible = 0;
			defaultConfigurationName = Release;
		};
		A465F77A24C6C4E400020970 /* Build configuration list for PBXNativeTarget "MVCMerge" */ = {
			isa = XCConfigurationList;
			buildConfigurations = (
				A465F77B24C6C4E400020970 /* Debug */,
				A465F77C24C6C4E400020970 /* Release */,
			);
			defaultConfigurationIsVisible = 0;
			defaultConfigurationName = Release;
		};
/* End XCConfigurationList section */
	};
	rootObject = A465F75E24C6C4E300020970 /* Project object */;
}
